
Microsoft Visual Studio Solution File, Format Version 12.00
# Visual Studio Version 17
VisualStudioVersion = 17.11.35219.272
MinimumVisualStudioVersion = 10.0.40219.1
Project("{FAE04EC0-301F-11D3-BF4B-00C04F79EFBC}") = "ConsolePerson", "ConsolePerson\ConsolePerson.csproj", "{5EA7369B-8569-4C66-80FF-9E3533F35BBB}"
EndProject
Global
	GlobalSection(SolutionConfigurationPlatforms) = preSolution
		Debug|Any CPU = Debug|Any CPU
		Release|Any CPU = Release|Any CPU
	EndGlobalSection
	GlobalSection(ProjectConfigurationPlatforms) = postSolution
		{5EA7369B-8569-4C66-80FF-9E3533F35BBB}.Debug|Any CPU.ActiveCfg = Debug|Any CPU
		{5EA7369B-8569-4C66-80FF-9E3533F35BBB}.Debug|Any CPU.Build.0 = Debug|Any CPU
		{5EA7369B-8569-4C66-80FF-9E3533F35BBB}.Release|Any CPU.ActiveCfg = Release|Any CPU
		{5EA7369B-8569-4C66-80FF-9E3533F35BBB}.Release|Any CPU.Build.0 = Release|Any CPU
	EndGlobalSection
	GlobalSection(SolutionProperties) = preSolution
		HideSolutionNode = FALSE
	EndGlobalSection
	GlobalSection(ExtensibilityGlobals) = postSolution
		SolutionGuid = {BFCD24FD-544E-4825-8271-CF103D718767}
	EndGlobalSection
EndGlobal
